#MicroXplorer Configuration settings - do not modify
Dma.Request0=SPI3_RX
Dma.Request1=SPI3_TX
Dma.Request2=SPI2_RX
Dma.Request3=SPI2_TX
Dma.RequestsNb=4
Dma.SPI2_RX.2.Direction=DMA_PERIPH_TO_MEMORY
Dma.SPI2_RX.2.FIFOMode=DMA_FIFOMODE_DISABLE
Dma.SPI2_RX.2.Instance=DMA1_Stream3
Dma.SPI2_RX.2.MemDataAlignment=DMA_MDATAALIGN_BYTE
Dma.SPI2_RX.2.MemInc=DMA_MINC_ENABLE
Dma.SPI2_RX.2.Mode=DMA_NORMAL
Dma.SPI2_RX.2.PeriphDataAlignment=DMA_PDATAALIGN_BYTE
Dma.SPI2_RX.2.PeriphInc=DMA_PINC_DISABLE
Dma.SPI2_RX.2.Priority=DMA_PRIORITY_LOW
Dma.SPI2_RX.2.RequestParameters=Instance,Direction,PeriphInc,MemInc,PeriphDataAlignment,MemDataAlignment,Mode,Priority,FIFOMode
Dma.SPI2_TX.3.Direction=DMA_MEMORY_TO_PERIPH
Dma.SPI2_TX.3.FIFOMode=DMA_FIFOMODE_DISABLE
Dma.SPI2_TX.3.Instance=DMA1_Stream4
Dma.SPI2_TX.3.MemDataAlignment=DMA_MDATAALIGN_BYTE
Dma.SPI2_TX.3.MemInc=DMA_MINC_ENABLE
Dma.SPI2_TX.3.Mode=DMA_NORMAL
Dma.SPI2_TX.3.PeriphDataAlignment=DMA_PDATAALIGN_BYTE
Dma.SPI2_TX.3.PeriphInc=DMA_PINC_DISABLE
Dma.SPI2_TX.3.Priority=DMA_PRIORITY_HIGH
Dma.SPI2_TX.3.RequestParameters=Instance,Direction,PeriphInc,MemInc,PeriphDataAlignment,MemDataAlignment,Mode,Priority,FIFOMode
Dma.SPI3_RX.0.Direction=DMA_PERIPH_TO_MEMORY
Dma.SPI3_RX.0.FIFOMode=DMA_FIFOMODE_DISABLE
Dma.SPI3_RX.0.Instance=DMA1_Stream0
Dma.SPI3_RX.0.MemDataAlignment=DMA_MDATAALIGN_BYTE
Dma.SPI3_RX.0.MemInc=DMA_MINC_ENABLE
Dma.SPI3_RX.0.Mode=DMA_NORMAL
Dma.SPI3_RX.0.PeriphDataAlignment=DMA_PDATAALIGN_BYTE
Dma.SPI3_RX.0.PeriphInc=DMA_PINC_DISABLE
Dma.SPI3_RX.0.Priority=DMA_PRIORITY_HIGH
Dma.SPI3_RX.0.RequestParameters=Instance,Direction,PeriphInc,MemInc,PeriphDataAlignment,MemDataAlignment,Mode,Priority,FIFOMode
Dma.SPI3_TX.1.Direction=DMA_MEMORY_TO_PERIPH
Dma.SPI3_TX.1.FIFOMode=DMA_FIFOMODE_DISABLE
Dma.SPI3_TX.1.Instance=DMA1_Stream5
Dma.SPI3_TX.1.MemDataAlignment=DMA_MDATAALIGN_BYTE
Dma.SPI3_TX.1.MemInc=DMA_MINC_ENABLE
Dma.SPI3_TX.1.Mode=DMA_NORMAL
Dma.SPI3_TX.1.PeriphDataAlignment=DMA_PDATAALIGN_BYTE
Dma.SPI3_TX.1.PeriphInc=DMA_PINC_DISABLE
Dma.SPI3_TX.1.Priority=DMA_PRIORITY_HIGH
Dma.SPI3_TX.1.RequestParameters=Instance,Direction,PeriphInc,MemInc,PeriphDataAlignment,MemDataAlignment,Mode,Priority,FIFOMode
File.Version=6
KeepUserPlacement=true
Mcu.Family=STM32F4
Mcu.IP0=DMA
Mcu.IP1=I2C1
Mcu.IP10=USB_OTG_FS
Mcu.IP2=LIBJPEG
Mcu.IP3=NVIC
Mcu.IP4=RCC
Mcu.IP5=SPI2
Mcu.IP6=SPI3
Mcu.IP7=SYS
Mcu.IP8=USART1
Mcu.IP9=USB_DEVICE
Mcu.IPNb=11
Mcu.Name=STM32F411R(C-E)Tx
Mcu.Package=LQFP64
Mcu.Pin0=PC13-ANTI_TAMP
Mcu.Pin1=PC14-OSC32_IN
Mcu.Pin10=PA5
Mcu.Pin11=PC5
Mcu.Pin12=PB2
Mcu.Pin13=PB10
Mcu.Pin14=PB12
Mcu.Pin15=PA9
Mcu.Pin16=PA10
Mcu.Pin17=PA11
Mcu.Pin18=PA12
Mcu.Pin19=PA13
Mcu.Pin2=PC15-OSC32_OUT
Mcu.Pin20=PA14
Mcu.Pin21=PC11
Mcu.Pin22=PC12
Mcu.Pin23=PD2
Mcu.Pin24=PB3
Mcu.Pin25=PB6
Mcu.Pin26=PB7
Mcu.Pin27=VP_LIBJPEG_VS_JPEGLIB
Mcu.Pin28=VP_SYS_VS_Systick
Mcu.Pin29=VP_USB_DEVICE_VS_USB_DEVICE_CDC_FS
Mcu.Pin3=PH0 - OSC_IN
Mcu.Pin4=PH1 - OSC_OUT
Mcu.Pin5=PC0
Mcu.Pin6=PC1
Mcu.Pin7=PC3
Mcu.Pin8=PA2
Mcu.Pin9=PA3
Mcu.PinsNb=30
Mcu.UserConstants=
Mcu.UserName=STM32F411RETx
MxCube.Version=4.22.0
MxDb.Version=DB.4.0.220
NVIC.BusFault_IRQn=true\:0\:0\:false\:false\:false
NVIC.DMA1_Stream0_IRQn=true\:0\:0\:false\:false\:true
NVIC.DMA1_Stream3_IRQn=true\:0\:0\:false\:false\:true
NVIC.DMA1_Stream4_IRQn=true\:0\:0\:false\:false\:true
NVIC.DMA1_Stream5_IRQn=true\:0\:0\:false\:false\:true
NVIC.DebugMonitor_IRQn=true\:0\:0\:false\:false\:false
NVIC.HardFault_IRQn=true\:0\:0\:false\:false\:false
NVIC.MemoryManagement_IRQn=true\:0\:0\:false\:false\:false
NVIC.NonMaskableInt_IRQn=true\:0\:0\:false\:false\:false
NVIC.OTG_FS_IRQn=true\:0\:0\:false\:false\:true
NVIC.PendSV_IRQn=true\:0\:0\:false\:false\:false
NVIC.PriorityGroup=NVIC_PRIORITYGROUP_0
NVIC.SVCall_IRQn=true\:0\:0\:false\:false\:false
NVIC.SysTick_IRQn=true\:0\:0\:false\:false\:true
NVIC.UsageFault_IRQn=true\:0\:0\:false\:false\:false
PA10.Mode=Asynchronous
PA10.Signal=USART1_RX
PA11.Mode=Device_Only
PA11.Signal=USB_OTG_FS_DM
PA12.Mode=Device_Only
PA12.Signal=USB_OTG_FS_DP
PA13.GPIOParameters=GPIO_Label
PA13.GPIO_Label=TMS
PA13.Locked=true
PA13.Mode=Serial_Wire
PA13.Signal=SYS_JTMS-SWDIO
PA14.GPIOParameters=GPIO_Label
PA14.GPIO_Label=TCK
PA14.Locked=true
PA14.Mode=Serial_Wire
PA14.Signal=SYS_JTCK-SWCLK
PA2.GPIOParameters=GPIO_Label
PA2.GPIO_Label=USART_TX
PA2.Locked=true
PA2.Signal=USART2_TX
PA3.GPIOParameters=GPIO_Label
PA3.GPIO_Label=USART_RX
PA3.Locked=true
PA3.Signal=USART2_RX
PA5.GPIOParameters=GPIO_Label
PA5.GPIO_Label=LD2 [Green Led]
PA5.Locked=true
PA5.Signal=GPIO_Output
PA9.Mode=Asynchronous
PA9.Signal=USART1_TX
PB10.GPIOParameters=GPIO_Label
PB10.GPIO_Label=SPI2_LCD_SCK
PB10.Mode=Simplex_Bidirectional_Master
PB10.Signal=SPI2_SCK
PB12.GPIOParameters=GPIO_Label
PB12.GPIO_Label=SPI3_ESP_SCK
PB12.Mode=Full_Duplex_Master
PB12.Signal=SPI3_SCK
PB2.GPIOParameters=GPIO_Label
PB2.GPIO_Label=LCD_BACKLIGHT
PB2.Locked=true
PB2.Signal=GPIO_Output
PB3.GPIOParameters=GPIO_Label
PB3.GPIO_Label=SWO
PB3.Locked=true
PB3.Signal=SYS_JTDO-SWO
PB6.Mode=I2C
PB6.Signal=I2C1_SCL
PB7.Mode=I2C
PB7.Signal=I2C1_SDA
PC0.GPIOParameters=GPIO_Label
PC0.GPIO_Label=LCD_DATA_CMD
PC0.Locked=true
PC0.Signal=GPIO_Output
PC1.GPIOParameters=GPIO_Label
PC1.GPIO_Label=LCD_CS
PC1.Locked=true
PC1.Signal=GPIO_Output
PC11.GPIOParameters=GPIO_Label
PC11.GPIO_Label=SPI3_ESP_MISO
PC11.Mode=Full_Duplex_Master
PC11.Signal=SPI3_MISO
PC12.GPIOParameters=GPIO_Label
PC12.GPIO_Label=SPI3_ESP_MOSI
PC12.Mode=Full_Duplex_Master
PC12.Signal=SPI3_MOSI
PC13-ANTI_TAMP.GPIOParameters=GPIO_Label,GPIO_ModeDefaultEXTI
PC13-ANTI_TAMP.GPIO_Label=B1 [Blue PushButton]
PC13-ANTI_TAMP.GPIO_ModeDefaultEXTI=GPIO_MODE_IT_FALLING
PC13-ANTI_TAMP.Locked=true
PC13-ANTI_TAMP.Signal=GPXTI13
PC14-OSC32_IN.Locked=true
PC14-OSC32_IN.Signal=RCC_OSC32_IN
PC15-OSC32_OUT.Locked=true
PC15-OSC32_OUT.Signal=RCC_OSC32_OUT
PC3.GPIOParameters=GPIO_Label
PC3.GPIO_Label=SPI2_LCD_MOSI
PC3.Mode=Simplex_Bidirectional_Master
PC3.Signal=SPI2_MOSI
PC5.GPIOParameters=GPIO_Label
PC5.GPIO_Label=LCD_RESET
PC5.Locked=true
PC5.Signal=GPIO_Output
PCC.Checker=false
PCC.Line=STM32F411
PCC.MCU=STM32F411R(C-E)Tx
PCC.PartNumber=STM32F411RETx
PCC.Seq0=0
PCC.Series=STM32F4
PCC.Temperature=25
PCC.Vdd=null
PD2.GPIOParameters=GPIO_Speed,PinState,GPIO_Label
PD2.GPIO_Label=ESP_CS
PD2.GPIO_Speed=GPIO_SPEED_FREQ_MEDIUM
PD2.Locked=true
PD2.PinState=GPIO_PIN_RESET
PD2.Signal=GPIO_Output
PH0\ -\ OSC_IN.Locked=true
PH0\ -\ OSC_IN.Mode=HSE-External-Oscillator
PH0\ -\ OSC_IN.Signal=RCC_OSC_IN
PH1\ -\ OSC_OUT.Locked=true
PH1\ -\ OSC_OUT.Mode=HSE-External-Oscillator
PH1\ -\ OSC_OUT.Signal=RCC_OSC_OUT
PinOutPanel.RotationAngle=0
ProjectManager.AskForMigrate=true
ProjectManager.BackupPrevious=false
ProjectManager.CompilerOptimize=2
ProjectManager.ComputerToolchain=false
ProjectManager.CoupleFile=true
ProjectManager.CustomerFirmwarePackage=C\:/Users/dcomes/STM32Cube/Repository/STM32Cube_FW_F4_V1.16.0
ProjectManager.DefaultFWLocation=true
ProjectManager.DeletePrevious=true
ProjectManager.DeviceId=STM32F411RETx
ProjectManager.FirmwarePackage=STM32Cube FW_F4 V1.16.0
ProjectManager.FreePins=true
ProjectManager.HalAssertFull=true
ProjectManager.HeapSize=0x200
ProjectManager.KeepUserCode=true
ProjectManager.LastFirmware=true
ProjectManager.LibraryCopy=1
ProjectManager.PreviousToolchain=SW4STM32
ProjectManager.ProjectBuild=false
ProjectManager.ProjectFileName=DC26.ioc
ProjectManager.ProjectName=DC26
ProjectManager.StackSize=0x400
ProjectManager.TargetToolchain=SW4STM32
ProjectManager.ToolChainLocation=
ProjectManager.UnderRoot=true
ProjectManager.functionlistsort=1-MX_GPIO_Init-GPIO-false-HAL,2-MX_DMA_Init-DMA-false-HAL,3-SystemClock_Config-RCC-false-HAL,4-MX_SPI2_Init-SPI2-false-HAL,5-MX_SPI3_Init-SPI3-false-HAL,6-MX_USART1_UART_Init-USART1-false-HAL,7-MX_LIBJPEG_Init-LIBJPEG-false-HAL,8-MX_USB_DEVICE_Init-USB_DEVICE-false-HAL,9-MX_I2C1_Init-I2C1-false-HAL
RCC.48MHZClocksFreq_Value=48000000.00000001
RCC.AHBFreq_Value=96000000.00000001
RCC.APB1CLKDivider=RCC_HCLK_DIV2
RCC.APB1Freq_Value=48000000.00000001
RCC.APB1TimFreq_Value=96000000.00000001
RCC.APB2Freq_Value=96000000.00000001
RCC.APB2TimFreq_Value=96000000.00000001
RCC.CortexFreq_Value=96000000.00000001
RCC.EthernetFreq_Value=96000000.00000001
RCC.FCLKCortexFreq_Value=96000000.00000001
RCC.FLatency-AdvancedSettings=FLASH_LATENCY_3
RCC.FamilyName=M
RCC.HCLKFreq_Value=96000000.00000001
RCC.HSE_VALUE=8000000
RCC.HSI_VALUE=16000000
RCC.I2SClocksFreq_Value=48000000
RCC.IPParameters=48MHZClocksFreq_Value,AHBFreq_Value,APB1CLKDivider,APB1Freq_Value,APB1TimFreq_Value,APB2Freq_Value,APB2TimFreq_Value,CortexFreq_Value,EthernetFreq_Value,FCLKCortexFreq_Value,FLatency-AdvancedSettings,FamilyName,HCLKFreq_Value,HSE_VALUE,HSI_VALUE,I2SClocksFreq_Value,LSE_VALUE,LSI_VALUE,MCO2PinFreq_Value,PLLCLKFreq_Value,PLLM,PLLN,PLLP,PLLQ,PLLQCLKFreq_Value,RTCFreq_Value,RTCHSEDivFreq_Value,SYSCLKFreq_VALUE,SYSCLKSource,VCOI2SOutputFreq_Value,VCOInputFreq_Value,VCOInputMFreq_Value,VCOOutputFreq_Value,VcooutputI2S
RCC.LSE_VALUE=32768
RCC.LSI_VALUE=32000
RCC.MCO2PinFreq_Value=96000000.00000001
RCC.PLLCLKFreq_Value=96000000.00000001
RCC.PLLM=7
RCC.PLLN=336
RCC.PLLP=RCC_PLLP_DIV4
RCC.PLLQ=8
RCC.PLLQCLKFreq_Value=48000000.00000001
RCC.RTCFreq_Value=32000
RCC.RTCHSEDivFreq_Value=4000000
RCC.SYSCLKFreq_VALUE=96000000.00000001
RCC.SYSCLKSource=RCC_SYSCLKSOURCE_PLLCLK
RCC.VCOI2SOutputFreq_Value=96000000
RCC.VCOInputFreq_Value=1142857.142857143
RCC.VCOInputMFreq_Value=500000
RCC.VCOOutputFreq_Value=384000000.00000006
RCC.VcooutputI2S=48000000
SH.GPXTI13.0=GPIO_EXTI13
SH.GPXTI13.ConfNb=1
SPI2.CalculateBaudRate=24.0 MBits/s
SPI2.Direction=SPI_DIRECTION_1LINE
SPI2.IPParameters=VirtualType,Mode,Direction,CalculateBaudRate
SPI2.Mode=SPI_MODE_MASTER
SPI2.VirtualType=VM_MASTER
SPI3.CalculateBaudRate=24.0 MBits/s
SPI3.Direction=SPI_DIRECTION_2LINES
SPI3.IPParameters=VirtualType,Mode,Direction,CalculateBaudRate
SPI3.Mode=SPI_MODE_MASTER
SPI3.VirtualType=VM_MASTER
USART1.IPParameters=VirtualMode
USART1.VirtualMode=VM_ASYNC
USB_DEVICE.CLASS_NAME_FS=CDC
USB_DEVICE.IPParameters=VirtualMode,VirtualModeFS,CLASS_NAME_FS,MANUFACTURER_STRING,PRODUCT_STRING_CDC_FS
USB_DEVICE.MANUFACTURER_STRING=DarkNet Industrices LLC
USB_DEVICE.PRODUCT_STRING_CDC_FS=Darknet Communication device
USB_DEVICE.VirtualMode=Cdc
USB_DEVICE.VirtualModeFS=Cdc_FS
USB_OTG_FS.IPParameters=VirtualMode
USB_OTG_FS.VirtualMode=Device_Only
VP_LIBJPEG_VS_JPEGLIB.Mode=Enabled
VP_LIBJPEG_VS_JPEGLIB.Signal=LIBJPEG_VS_JPEGLIB
VP_SYS_VS_Systick.Mode=SysTick
VP_SYS_VS_Systick.Signal=SYS_VS_Systick
VP_USB_DEVICE_VS_USB_DEVICE_CDC_FS.Mode=CDC_FS
VP_USB_DEVICE_VS_USB_DEVICE_CDC_FS.Signal=USB_DEVICE_VS_USB_DEVICE_CDC_FS
board=NUCLEO-F411RE
boardIOC=true
